
Microsoft Visual Studio Solution File, Format Version 12.00
# Visual Studio 2013
VisualStudioVersion = 12.0.21005.1
MinimumVisualStudioVersion = 10.0.40219.1
Project("{9092AA53-FB77-4645-B42D-1CCCA6BD08BD}") = "ChatApp", "ChatApp\ChatApp.njsproj", "{4ECD8606-9192-47AB-ADC7-9D7D749CDD90}"
EndProject
Global
	GlobalSection(SolutionConfigurationPlatforms) = preSolution
		Debug|Any CPU = Debug|Any CPU
		Release|Any CPU = Release|Any CPU
	EndGlobalSection
	GlobalSection(ProjectConfigurationPlatforms) = postSolution
		{4ECD8606-9192-47AB-ADC7-9D7D749CDD90}.Debug|Any CPU.ActiveCfg = Debug|Any CPU
		{4ECD8606-9192-47AB-ADC7-9D7D749CDD90}.Debug|Any CPU.Build.0 = Debug|Any CPU
		{4ECD8606-9192-47AB-ADC7-9D7D749CDD90}.Release|Any CPU.ActiveCfg = Release|Any CPU
		{4ECD8606-9192-47AB-ADC7-9D7D749CDD90}.Release|Any CPU.Build.0 = Release|Any CPU
	EndGlobalSection
	GlobalSection(SolutionProperties) = preSolution
		HideSolutionNode = FALSE
	EndGlobalSection
EndGlobal
